
Microsoft Visual Studio Solution File, Format Version 12.00
# Visual Studio Version 16
VisualStudioVersion = 16.0.29709.97
MinimumVisualStudioVersion = 10.0.40219.1
Project("{FAE04EC0-301F-11D3-BF4B-00C04F79EFBC}") = "Microsoft.AspNetCore.Builder", "Microsoft.AspNetCore.Builder\Microsoft.AspNetCore.Builder.csproj", "{73D5D0AD-A121-4AA2-B859-496EAE1FCE58}"
EndProject
Global
	GlobalSection(SolutionConfigurationPlatforms) = preSolution
		Debug|Any CPU = Debug|Any CPU
		Release|Any CPU = Release|Any CPU
	EndGlobalSection
	GlobalSection(ProjectConfigurationPlatforms) = postSolution
		{73D5D0AD-A121-4AA2-B859-496EAE1FCE58}.Debug|Any CPU.ActiveCfg = Debug|Any CPU
		{73D5D0AD-A121-4AA2-B859-496EAE1FCE58}.Debug|Any CPU.Build.0 = Debug|Any CPU
		{73D5D0AD-A121-4AA2-B859-496EAE1FCE58}.Release|Any CPU.ActiveCfg = Release|Any CPU
		{73D5D0AD-A121-4AA2-B859-496EAE1FCE58}.Release|Any CPU.Build.0 = Release|Any CPU
	EndGlobalSection
	GlobalSection(SolutionProperties) = preSolution
		HideSolutionNode = FALSE
	EndGlobalSection
	GlobalSection(ExtensibilityGlobals) = postSolution
		SolutionGuid = {4EC43290-6E6F-4606-B61C-ADAF87058021}
	EndGlobalSection
EndGlobal
